
Microsoft Visual Studio Solution File, Format Version 12.00
# Visual Studio Version 17
VisualStudioVersion = 17.11.35312.102
MinimumVisualStudioVersion = 10.0.40219.1
Project("{FAE04EC0-301F-11D3-BF4B-00C04F79EFBC}") = "BaiTapWindowForm", "BaiTapWindowForm\BaiTapWindowForm.csproj", "{E6C42109-B2FE-4D3F-BCF2-41E65616A361}"
EndProject
Project("{FAE04EC0-301F-11D3-BF4B-00C04F79EFBC}") = "BaiTap02", "BaiTap02\BaiTap02.csproj", "{889874A5-1B24-4D2B-9BC4-3B041783E393}"
EndProject
Project("{FAE04EC0-301F-11D3-BF4B-00C04F79EFBC}") = "BaiTap03", "BaiTap03\BaiTap03.csproj", "{FCF84909-DB10-47CE-AE3C-725FB5697AF6}"
EndProject
Project("{FAE04EC0-301F-11D3-BF4B-00C04F79EFBC}") = "BaiTap04", "BaiTap04\BaiTap04.csproj", "{58E1EB83-DB7C-4F7B-B6CA-84C335B8C136}"
EndProject
Global
	GlobalSection(SolutionConfigurationPlatforms) = preSolution
		Debug|Any CPU = Debug|Any CPU
		Release|Any CPU = Release|Any CPU
	EndGlobalSection
	GlobalSection(ProjectConfigurationPlatforms) = postSolution
		{E6C42109-B2FE-4D3F-BCF2-41E65616A361}.Debug|Any CPU.ActiveCfg = Debug|Any CPU
		{E6C42109-B2FE-4D3F-BCF2-41E65616A361}.Debug|Any CPU.Build.0 = Debug|Any CPU
		{E6C42109-B2FE-4D3F-BCF2-41E65616A361}.Release|Any CPU.ActiveCfg = Release|Any CPU
		{E6C42109-B2FE-4D3F-BCF2-41E65616A361}.Release|Any CPU.Build.0 = Release|Any CPU
		{889874A5-1B24-4D2B-9BC4-3B041783E393}.Debug|Any CPU.ActiveCfg = Debug|Any CPU
		{889874A5-1B24-4D2B-9BC4-3B041783E393}.Debug|Any CPU.Build.0 = Debug|Any CPU
		{889874A5-1B24-4D2B-9BC4-3B041783E393}.Release|Any CPU.ActiveCfg = Release|Any CPU
		{889874A5-1B24-4D2B-9BC4-3B041783E393}.Release|Any CPU.Build.0 = Release|Any CPU
		{FCF84909-DB10-47CE-AE3C-725FB5697AF6}.Debug|Any CPU.ActiveCfg = Debug|Any CPU
		{FCF84909-DB10-47CE-AE3C-725FB5697AF6}.Debug|Any CPU.Build.0 = Debug|Any CPU
		{FCF84909-DB10-47CE-AE3C-725FB5697AF6}.Release|Any CPU.ActiveCfg = Release|Any CPU
		{FCF84909-DB10-47CE-AE3C-725FB5697AF6}.Release|Any CPU.Build.0 = Release|Any CPU
		{58E1EB83-DB7C-4F7B-B6CA-84C335B8C136}.Debug|Any CPU.ActiveCfg = Debug|Any CPU
		{58E1EB83-DB7C-4F7B-B6CA-84C335B8C136}.Debug|Any CPU.Build.0 = Debug|Any CPU
		{58E1EB83-DB7C-4F7B-B6CA-84C335B8C136}.Release|Any CPU.ActiveCfg = Release|Any CPU
		{58E1EB83-DB7C-4F7B-B6CA-84C335B8C136}.Release|Any CPU.Build.0 = Release|Any CPU
	EndGlobalSection
	GlobalSection(SolutionProperties) = preSolution
		HideSolutionNode = FALSE
	EndGlobalSection
	GlobalSection(ExtensibilityGlobals) = postSolution
		SolutionGuid = {7231E391-BB56-4319-B4D0-23F8CF1A5EFB}
	EndGlobalSection
EndGlobal
